
Microsoft Visual Studio Solution File, Format Version 12.00
# Visual Studio 15
VisualStudioVersion = 15.0.28307.757
MinimumVisualStudioVersion = 10.0.40219.1
Project("{FAE04EC0-301F-11D3-BF4B-00C04F79EFBC}") = "MovInder.Android", "MovInder\MovInder.Android\MovInder.Android.csproj", "{DECBAEC1-A39E-4A10-B261-BBAC91B0F611}"
EndProject
Project("{FAE04EC0-301F-11D3-BF4B-00C04F79EFBC}") = "MovInder.iOS", "MovInder\MovInder.iOS\MovInder.iOS.csproj", "{2715EF0A-8C45-4EFF-9C99-2A8F0F9713BB}"
EndProject
Project("{FAE04EC0-301F-11D3-BF4B-00C04F79EFBC}") = "MovInder", "MovInder\MovInder\MovInder.csproj", "{B3B19F0C-B6C1-4E07-A07E-57C0256AE826}"
EndProject
Global
	GlobalSection(SolutionConfigurationPlatforms) = preSolution
		Ad-Hoc|Any CPU = Ad-Hoc|Any CPU
		Ad-Hoc|iPhone = Ad-Hoc|iPhone
		Ad-Hoc|iPhoneSimulator = Ad-Hoc|iPhoneSimulator
		AppStore|Any CPU = AppStore|Any CPU
		AppStore|iPhone = AppStore|iPhone
		AppStore|iPhoneSimulator = AppStore|iPhoneSimulator
		Debug|Any CPU = Debug|Any CPU
		Debug|iPhone = Debug|iPhone
		Debug|iPhoneSimulator = Debug|iPhoneSimulator
		Release|Any CPU = Release|Any CPU
		Release|iPhone = Release|iPhone
		Release|iPhoneSimulator = Release|iPhoneSimulator
	EndGlobalSection
	GlobalSection(ProjectConfigurationPlatforms) = postSolution
		{DECBAEC1-A39E-4A10-B261-BBAC91B0F611}.Ad-Hoc|Any CPU.ActiveCfg = Release|Any CPU
		{DECBAEC1-A39E-4A10-B261-BBAC91B0F611}.Ad-Hoc|Any CPU.Build.0 = Release|Any CPU
		{DECBAEC1-A39E-4A10-B261-BBAC91B0F611}.Ad-Hoc|Any CPU.Deploy.0 = Release|Any CPU
		{DECBAEC1-A39E-4A10-B261-BBAC91B0F611}.Ad-Hoc|iPhone.ActiveCfg = Release|Any CPU
		{DECBAEC1-A39E-4A10-B261-BBAC91B0F611}.Ad-Hoc|iPhone.Build.0 = Release|Any CPU
		{DECBAEC1-A39E-4A10-B261-BBAC91B0F611}.Ad-Hoc|iPhone.Deploy.0 = Release|Any CPU
		{DECBAEC1-A39E-4A10-B261-BBAC91B0F611}.Ad-Hoc|iPhoneSimulator.ActiveCfg = Release|Any CPU
		{DECBAEC1-A39E-4A10-B261-BBAC91B0F611}.Ad-Hoc|iPhoneSimulator.Build.0 = Release|Any CPU
		{DECBAEC1-A39E-4A10-B261-BBAC91B0F611}.Ad-Hoc|iPhoneSimulator.Deploy.0 = Release|Any CPU
		{DECBAEC1-A39E-4A10-B261-BBAC91B0F611}.AppStore|Any CPU.ActiveCfg = Release|Any CPU
		{DECBAEC1-A39E-4A10-B261-BBAC91B0F611}.AppStore|Any CPU.Build.0 = Release|Any CPU
		{DECBAEC1-A39E-4A10-B261-BBAC91B0F611}.AppStore|Any CPU.Deploy.0 = Release|Any CPU
		{DECBAEC1-A39E-4A10-B261-BBAC91B0F611}.AppStore|iPhone.ActiveCfg = Release|Any CPU
		{DECBAEC1-A39E-4A10-B261-BBAC91B0F611}.AppStore|iPhone.Build.0 = Release|Any CPU
		{DECBAEC1-A39E-4A10-B261-BBAC91B0F611}.AppStore|iPhone.Deploy.0 = Release|Any CPU
		{DECBAEC1-A39E-4A10-B261-BBAC91B0F611}.AppStore|iPhoneSimulator.ActiveCfg = Release|Any CPU
		{DECBAEC1-A39E-4A10-B261-BBAC91B0F611}.AppStore|iPhoneSimulator.Build.0 = Release|Any CPU
		{DECBAEC1-A39E-4A10-B261-BBAC91B0F611}.AppStore|iPhoneSimulator.Deploy.0 = Release|Any CPU
		{DECBAEC1-A39E-4A10-B261-BBAC91B0F611}.Debug|Any CPU.ActiveCfg = Debug|Any CPU
		{DECBAEC1-A39E-4A10-B261-BBAC91B0F611}.Debug|Any CPU.Build.0 = Debug|Any CPU
		{DECBAEC1-A39E-4A10-B261-BBAC91B0F611}.Debug|Any CPU.Deploy.0 = Debug|Any CPU
		{DECBAEC1-A39E-4A10-B261-BBAC91B0F611}.Debug|iPhone.ActiveCfg = Debug|Any CPU
		{DECBAEC1-A39E-4A10-B261-BBAC91B0F611}.Debug|iPhone.Build.0 = Debug|Any CPU
		{DECBAEC1-A39E-4A10-B261-BBAC91B0F611}.Debug|iPhone.Deploy.0 = Debug|Any CPU
		{DECBAEC1-A39E-4A10-B261-BBAC91B0F611}.Debug|iPhoneSimulator.ActiveCfg = Debug|Any CPU
		{DECBAEC1-A39E-4A10-B261-BBAC91B0F611}.Debug|iPhoneSimulator.Build.0 = Debug|Any CPU
		{DECBAEC1-A39E-4A10-B261-BBAC91B0F611}.Debug|iPhoneSimulator.Deploy.0 = Debug|Any CPU
		{DECBAEC1-A39E-4A10-B261-BBAC91B0F611}.Release|Any CPU.ActiveCfg = Release|Any CPU
		{DECBAEC1-A39E-4A10-B261-BBAC91B0F611}.Release|Any CPU.Build.0 = Release|Any CPU
		{DECBAEC1-A39E-4A10-B261-BBAC91B0F611}.Release|Any CPU.Deploy.0 = Release|Any CPU
		{DECBAEC1-A39E-4A10-B261-BBAC91B0F611}.Release|iPhone.ActiveCfg = Release|Any CPU
		{DECBAEC1-A39E-4A10-B261-BBAC91B0F611}.Release|iPhone.Build.0 = Release|Any CPU
		{DECBAEC1-A39E-4A10-B261-BBAC91B0F611}.Release|iPhone.Deploy.0 = Release|Any CPU
		{DECBAEC1-A39E-4A10-B261-BBAC91B0F611}.Release|iPhoneSimulator.ActiveCfg = Release|Any CPU
		{DECBAEC1-A39E-4A10-B261-BBAC91B0F611}.Release|iPhoneSimulator.Build.0 = Release|Any CPU
		{DECBAEC1-A39E-4A10-B261-BBAC91B0F611}.Release|iPhoneSimulator.Deploy.0 = Release|Any CPU
		{2715EF0A-8C45-4EFF-9C99-2A8F0F9713BB}.Ad-Hoc|Any CPU.ActiveCfg = Ad-Hoc|iPhone
		{2715EF0A-8C45-4EFF-9C99-2A8F0F9713BB}.Ad-Hoc|Any CPU.Build.0 = Ad-Hoc|iPhone
		{2715EF0A-8C45-4EFF-9C99-2A8F0F9713BB}.Ad-Hoc|Any CPU.Deploy.0 = Ad-Hoc|iPhone
		{2715EF0A-8C45-4EFF-9C99-2A8F0F9713BB}.Ad-Hoc|iPhone.ActiveCfg = Ad-Hoc|iPhone
		{2715EF0A-8C45-4EFF-9C99-2A8F0F9713BB}.Ad-Hoc|iPhone.Build.0 = Ad-Hoc|iPhone
		{2715EF0A-8C45-4EFF-9C99-2A8F0F9713BB}.Ad-Hoc|iPhone.Deploy.0 = Ad-Hoc|iPhone
		{2715EF0A-8C45-4EFF-9C99-2A8F0F9713BB}.Ad-Hoc|iPhoneSimulator.ActiveCfg = Ad-Hoc|iPhoneSimulator
		{2715EF0A-8C45-4EFF-9C99-2A8F0F9713BB}.Ad-Hoc|iPhoneSimulator.Build.0 = Ad-Hoc|iPhoneSimulator
		{2715EF0A-8C45-4EFF-9C99-2A8F0F9713BB}.Ad-Hoc|iPhoneSimulator.Deploy.0 = Ad-Hoc|iPhoneSimulator
		{2715EF0A-8C45-4EFF-9C99-2A8F0F9713BB}.AppStore|Any CPU.ActiveCfg = AppStore|iPhone
		{2715EF0A-8C45-4EFF-9C99-2A8F0F9713BB}.AppStore|Any CPU.Build.0 = AppStore|iPhone
		{2715EF0A-8C45-4EFF-9C99-2A8F0F9713BB}.AppStore|Any CPU.Deploy.0 = AppStore|iPhone
		{2715EF0A-8C45-4EFF-9C99-2A8F0F9713BB}.AppStore|iPhone.ActiveCfg = AppStore|iPhone
		{2715EF0A-8C45-4EFF-9C99-2A8F0F9713BB}.AppStore|iPhone.Build.0 = AppStore|iPhone
		{2715EF0A-8C45-4EFF-9C99-2A8F0F9713BB}.AppStore|iPhone.Deploy.0 = AppStore|iPhone
		{2715EF0A-8C45-4EFF-9C99-2A8F0F9713BB}.AppStore|iPhoneSimulator.ActiveCfg = AppStore|iPhoneSimulator
		{2715EF0A-8C45-4EFF-9C99-2A8F0F9713BB}.AppStore|iPhoneSimulator.Build.0 = AppStore|iPhoneSimulator
		{2715EF0A-8C45-4EFF-9C99-2A8F0F9713BB}.AppStore|iPhoneSimulator.Deploy.0 = AppStore|iPhoneSimulator
		{2715EF0A-8C45-4EFF-9C99-2A8F0F9713BB}.Debug|Any CPU.ActiveCfg = Debug|iPhoneSimulator
		{2715EF0A-8C45-4EFF-9C99-2A8F0F9713BB}.Debug|Any CPU.Build.0 = Debug|iPhoneSimulator
		{2715EF0A-8C45-4EFF-9C99-2A8F0F9713BB}.Debug|Any CPU.Deploy.0 = Debug|iPhoneSimulator
		{2715EF0A-8C45-4EFF-9C99-2A8F0F9713BB}.Debug|iPhone.ActiveCfg = Debug|iPhone
		{2715EF0A-8C45-4EFF-9C99-2A8F0F9713BB}.Debug|iPhone.Build.0 = Debug|iPhone
		{2715EF0A-8C45-4EFF-9C99-2A8F0F9713BB}.Debug|iPhone.Deploy.0 = Debug|iPhone
		{2715EF0A-8C45-4EFF-9C99-2A8F0F9713BB}.Debug|iPhoneSimulator.ActiveCfg = Debug|iPhoneSimulator
		{2715EF0A-8C45-4EFF-9C99-2A8F0F9713BB}.Debug|iPhoneSimulator.Build.0 = Debug|iPhoneSimulator
		{2715EF0A-8C45-4EFF-9C99-2A8F0F9713BB}.Debug|iPhoneSimulator.Deploy.0 = Debug|iPhoneSimulator
		{2715EF0A-8C45-4EFF-9C99-2A8F0F9713BB}.Release|Any CPU.ActiveCfg = Release|iPhone
		{2715EF0A-8C45-4EFF-9C99-2A8F0F9713BB}.Release|Any CPU.Build.0 = Release|iPhone
		{2715EF0A-8C45-4EFF-9C99-2A8F0F9713BB}.Release|Any CPU.Deploy.0 = Release|iPhone
		{2715EF0A-8C45-4EFF-9C99-2A8F0F9713BB}.Release|iPhone.ActiveCfg = Release|iPhone
		{2715EF0A-8C45-4EFF-9C99-2A8F0F9713BB}.Release|iPhone.Build.0 = Release|iPhone
		{2715EF0A-8C45-4EFF-9C99-2A8F0F9713BB}.Release|iPhone.Deploy.0 = Release|iPhone
		{2715EF0A-8C45-4EFF-9C99-2A8F0F9713BB}.Release|iPhoneSimulator.ActiveCfg = Release|iPhoneSimulator
		{2715EF0A-8C45-4EFF-9C99-2A8F0F9713BB}.Release|iPhoneSimulator.Build.0 = Release|iPhoneSimulator
		{2715EF0A-8C45-4EFF-9C99-2A8F0F9713BB}.Release|iPhoneSimulator.Deploy.0 = Release|iPhoneSimulator
		{B3B19F0C-B6C1-4E07-A07E-57C0256AE826}.Ad-Hoc|Any CPU.ActiveCfg = Debug|Any CPU
		{B3B19F0C-B6C1-4E07-A07E-57C0256AE826}.Ad-Hoc|Any CPU.Build.0 = Debug|Any CPU
		{B3B19F0C-B6C1-4E07-A07E-57C0256AE826}.Ad-Hoc|Any CPU.Deploy.0 = Debug|Any CPU
		{B3B19F0C-B6C1-4E07-A07E-57C0256AE826}.Ad-Hoc|iPhone.ActiveCfg = Debug|Any CPU
		{B3B19F0C-B6C1-4E07-A07E-57C0256AE826}.Ad-Hoc|iPhone.Build.0 = Debug|Any CPU
		{B3B19F0C-B6C1-4E07-A07E-57C0256AE826}.Ad-Hoc|iPhone.Deploy.0 = Debug|Any CPU
		{B3B19F0C-B6C1-4E07-A07E-57C0256AE826}.Ad-Hoc|iPhoneSimulator.ActiveCfg = Debug|Any CPU
		{B3B19F0C-B6C1-4E07-A07E-57C0256AE826}.Ad-Hoc|iPhoneSimulator.Build.0 = Debug|Any CPU
		{B3B19F0C-B6C1-4E07-A07E-57C0256AE826}.Ad-Hoc|iPhoneSimulator.Deploy.0 = Debug|Any CPU
		{B3B19F0C-B6C1-4E07-A07E-57C0256AE826}.AppStore|Any CPU.ActiveCfg = Debug|Any CPU
		{B3B19F0C-B6C1-4E07-A07E-57C0256AE826}.AppStore|Any CPU.Build.0 = Debug|Any CPU
		{B3B19F0C-B6C1-4E07-A07E-57C0256AE826}.AppStore|Any CPU.Deploy.0 = Debug|Any CPU
		{B3B19F0C-B6C1-4E07-A07E-57C0256AE826}.AppStore|iPhone.ActiveCfg = Debug|Any CPU
		{B3B19F0C-B6C1-4E07-A07E-57C0256AE826}.AppStore|iPhone.Build.0 = Debug|Any CPU
		{B3B19F0C-B6C1-4E07-A07E-57C0256AE826}.AppStore|iPhone.Deploy.0 = Debug|Any CPU
		{B3B19F0C-B6C1-4E07-A07E-57C0256AE826}.AppStore|iPhoneSimulator.ActiveCfg = Debug|Any CPU
		{B3B19F0C-B6C1-4E07-A07E-57C0256AE826}.AppStore|iPhoneSimulator.Build.0 = Debug|Any CPU
		{B3B19F0C-B6C1-4E07-A07E-57C0256AE826}.AppStore|iPhoneSimulator.Deploy.0 = Debug|Any CPU
		{B3B19F0C-B6C1-4E07-A07E-57C0256AE826}.Debug|Any CPU.ActiveCfg = Debug|Any CPU
		{B3B19F0C-B6C1-4E07-A07E-57C0256AE826}.Debug|Any CPU.Build.0 = Debug|Any CPU
		{B3B19F0C-B6C1-4E07-A07E-57C0256AE826}.Debug|Any CPU.Deploy.0 = Debug|Any CPU
		{B3B19F0C-B6C1-4E07-A07E-57C0256AE826}.Debug|iPhone.ActiveCfg = Debug|Any CPU
		{B3B19F0C-B6C1-4E07-A07E-57C0256AE826}.Debug|iPhone.Build.0 = Debug|Any CPU
		{B3B19F0C-B6C1-4E07-A07E-57C0256AE826}.Debug|iPhone.Deploy.0 = Debug|Any CPU
		{B3B19F0C-B6C1-4E07-A07E-57C0256AE826}.Debug|iPhoneSimulator.ActiveCfg = Debug|Any CPU
		{B3B19F0C-B6C1-4E07-A07E-57C0256AE826}.Debug|iPhoneSimulator.Build.0 = Debug|Any CPU
		{B3B19F0C-B6C1-4E07-A07E-57C0256AE826}.Debug|iPhoneSimulator.Deploy.0 = Debug|Any CPU
		{B3B19F0C-B6C1-4E07-A07E-57C0256AE826}.Release|Any CPU.ActiveCfg = Release|Any CPU
		{B3B19F0C-B6C1-4E07-A07E-57C0256AE826}.Release|Any CPU.Build.0 = Release|Any CPU
		{B3B19F0C-B6C1-4E07-A07E-57C0256AE826}.Release|Any CPU.Deploy.0 = Release|Any CPU
		{B3B19F0C-B6C1-4E07-A07E-57C0256AE826}.Release|iPhone.ActiveCfg = Release|Any CPU
		{B3B19F0C-B6C1-4E07-A07E-57C0256AE826}.Release|iPhone.Build.0 = Release|Any CPU
		{B3B19F0C-B6C1-4E07-A07E-57C0256AE826}.Release|iPhone.Deploy.0 = Release|Any CPU
		{B3B19F0C-B6C1-4E07-A07E-57C0256AE826}.Release|iPhoneSimulator.ActiveCfg = Release|Any CPU
		{B3B19F0C-B6C1-4E07-A07E-57C0256AE826}.Release|iPhoneSimulator.Build.0 = Release|Any CPU
		{B3B19F0C-B6C1-4E07-A07E-57C0256AE826}.Release|iPhoneSimulator.Deploy.0 = Release|Any CPU
	EndGlobalSection
	GlobalSection(SolutionProperties) = preSolution
		HideSolutionNode = FALSE
	EndGlobalSection
	GlobalSection(ExtensibilityGlobals) = postSolution
		SolutionGuid = {D07D20E9-6B5A-4C9E-B8E3-855B54CAE056}
	EndGlobalSection
EndGlobal
